
Microsoft Visual Studio Solution File, Format Version 12.00
# Visual Studio Version 17
VisualStudioVersion = 17.0.31903.59
MinimumVisualStudioVersion = 10.0.40219.1
Project("{FAE04EC0-301F-11D3-BF4B-00C04F79EFBC}") = "Tester", "Tester\Tester.csproj", "{B354C5E1-AEAA-4B7B-BD13-454CC9C70A3B}"
EndProject
Project("{FAE04EC0-301F-11D3-BF4B-00C04F79EFBC}") = "SwitchCaseDemo", "SwitchCaseDemo\SwitchCaseDemo.csproj", "{2A24B1FD-E70C-43E5-A878-EFCAB2C2C07E}"
EndProject
Project("{FAE04EC0-301F-11D3-BF4B-00C04F79EFBC}") = "Grid", "Grid\Grid.csproj", "{E37E6BF0-D42D-4953-8E2F-4F8ACD583DBA}"
EndProject
Project("{FAE04EC0-301F-11D3-BF4B-00C04F79EFBC}") = "HeroGame", "HeroGame\HeroGame.csproj", "{40DF2209-5AD2-42A2-BB5A-7FBE95A3569E}"
EndProject
Project("{FAE04EC0-301F-11D3-BF4B-00C04F79EFBC}") = "DoWhileExercises", "DoWhileExercises\DoWhileExercises.csproj", "{7903850C-572E-490B-BA44-EA2AD02744AA}"
EndProject
Global
	GlobalSection(SolutionConfigurationPlatforms) = preSolution
		Debug|Any CPU = Debug|Any CPU
		Debug|x64 = Debug|x64
		Debug|x86 = Debug|x86
		Release|Any CPU = Release|Any CPU
		Release|x64 = Release|x64
		Release|x86 = Release|x86
	EndGlobalSection
	GlobalSection(ProjectConfigurationPlatforms) = postSolution
		{B354C5E1-AEAA-4B7B-BD13-454CC9C70A3B}.Debug|Any CPU.ActiveCfg = Debug|Any CPU
		{B354C5E1-AEAA-4B7B-BD13-454CC9C70A3B}.Debug|Any CPU.Build.0 = Debug|Any CPU
		{B354C5E1-AEAA-4B7B-BD13-454CC9C70A3B}.Debug|x64.ActiveCfg = Debug|Any CPU
		{B354C5E1-AEAA-4B7B-BD13-454CC9C70A3B}.Debug|x64.Build.0 = Debug|Any CPU
		{B354C5E1-AEAA-4B7B-BD13-454CC9C70A3B}.Debug|x86.ActiveCfg = Debug|Any CPU
		{B354C5E1-AEAA-4B7B-BD13-454CC9C70A3B}.Debug|x86.Build.0 = Debug|Any CPU
		{B354C5E1-AEAA-4B7B-BD13-454CC9C70A3B}.Release|Any CPU.ActiveCfg = Release|Any CPU
		{B354C5E1-AEAA-4B7B-BD13-454CC9C70A3B}.Release|Any CPU.Build.0 = Release|Any CPU
		{B354C5E1-AEAA-4B7B-BD13-454CC9C70A3B}.Release|x64.ActiveCfg = Release|Any CPU
		{B354C5E1-AEAA-4B7B-BD13-454CC9C70A3B}.Release|x64.Build.0 = Release|Any CPU
		{B354C5E1-AEAA-4B7B-BD13-454CC9C70A3B}.Release|x86.ActiveCfg = Release|Any CPU
		{B354C5E1-AEAA-4B7B-BD13-454CC9C70A3B}.Release|x86.Build.0 = Release|Any CPU
		{2A24B1FD-E70C-43E5-A878-EFCAB2C2C07E}.Debug|Any CPU.ActiveCfg = Debug|Any CPU
		{2A24B1FD-E70C-43E5-A878-EFCAB2C2C07E}.Debug|Any CPU.Build.0 = Debug|Any CPU
		{2A24B1FD-E70C-43E5-A878-EFCAB2C2C07E}.Debug|x64.ActiveCfg = Debug|Any CPU
		{2A24B1FD-E70C-43E5-A878-EFCAB2C2C07E}.Debug|x64.Build.0 = Debug|Any CPU
		{2A24B1FD-E70C-43E5-A878-EFCAB2C2C07E}.Debug|x86.ActiveCfg = Debug|Any CPU
		{2A24B1FD-E70C-43E5-A878-EFCAB2C2C07E}.Debug|x86.Build.0 = Debug|Any CPU
		{2A24B1FD-E70C-43E5-A878-EFCAB2C2C07E}.Release|Any CPU.ActiveCfg = Release|Any CPU
		{2A24B1FD-E70C-43E5-A878-EFCAB2C2C07E}.Release|Any CPU.Build.0 = Release|Any CPU
		{2A24B1FD-E70C-43E5-A878-EFCAB2C2C07E}.Release|x64.ActiveCfg = Release|Any CPU
		{2A24B1FD-E70C-43E5-A878-EFCAB2C2C07E}.Release|x64.Build.0 = Release|Any CPU
		{2A24B1FD-E70C-43E5-A878-EFCAB2C2C07E}.Release|x86.ActiveCfg = Release|Any CPU
		{2A24B1FD-E70C-43E5-A878-EFCAB2C2C07E}.Release|x86.Build.0 = Release|Any CPU
		{E37E6BF0-D42D-4953-8E2F-4F8ACD583DBA}.Debug|Any CPU.ActiveCfg = Debug|Any CPU
		{E37E6BF0-D42D-4953-8E2F-4F8ACD583DBA}.Debug|Any CPU.Build.0 = Debug|Any CPU
		{E37E6BF0-D42D-4953-8E2F-4F8ACD583DBA}.Debug|x64.ActiveCfg = Debug|Any CPU
		{E37E6BF0-D42D-4953-8E2F-4F8ACD583DBA}.Debug|x64.Build.0 = Debug|Any CPU
		{E37E6BF0-D42D-4953-8E2F-4F8ACD583DBA}.Debug|x86.ActiveCfg = Debug|Any CPU
		{E37E6BF0-D42D-4953-8E2F-4F8ACD583DBA}.Debug|x86.Build.0 = Debug|Any CPU
		{E37E6BF0-D42D-4953-8E2F-4F8ACD583DBA}.Release|Any CPU.ActiveCfg = Release|Any CPU
		{E37E6BF0-D42D-4953-8E2F-4F8ACD583DBA}.Release|Any CPU.Build.0 = Release|Any CPU
		{E37E6BF0-D42D-4953-8E2F-4F8ACD583DBA}.Release|x64.ActiveCfg = Release|Any CPU
		{E37E6BF0-D42D-4953-8E2F-4F8ACD583DBA}.Release|x64.Build.0 = Release|Any CPU
		{E37E6BF0-D42D-4953-8E2F-4F8ACD583DBA}.Release|x86.ActiveCfg = Release|Any CPU
		{E37E6BF0-D42D-4953-8E2F-4F8ACD583DBA}.Release|x86.Build.0 = Release|Any CPU
		{40DF2209-5AD2-42A2-BB5A-7FBE95A3569E}.Debug|Any CPU.ActiveCfg = Debug|Any CPU
		{40DF2209-5AD2-42A2-BB5A-7FBE95A3569E}.Debug|Any CPU.Build.0 = Debug|Any CPU
		{40DF2209-5AD2-42A2-BB5A-7FBE95A3569E}.Debug|x64.ActiveCfg = Debug|Any CPU
		{40DF2209-5AD2-42A2-BB5A-7FBE95A3569E}.Debug|x64.Build.0 = Debug|Any CPU
		{40DF2209-5AD2-42A2-BB5A-7FBE95A3569E}.Debug|x86.ActiveCfg = Debug|Any CPU
		{40DF2209-5AD2-42A2-BB5A-7FBE95A3569E}.Debug|x86.Build.0 = Debug|Any CPU
		{40DF2209-5AD2-42A2-BB5A-7FBE95A3569E}.Release|Any CPU.ActiveCfg = Release|Any CPU
		{40DF2209-5AD2-42A2-BB5A-7FBE95A3569E}.Release|Any CPU.Build.0 = Release|Any CPU
		{40DF2209-5AD2-42A2-BB5A-7FBE95A3569E}.Release|x64.ActiveCfg = Release|Any CPU
		{40DF2209-5AD2-42A2-BB5A-7FBE95A3569E}.Release|x64.Build.0 = Release|Any CPU
		{40DF2209-5AD2-42A2-BB5A-7FBE95A3569E}.Release|x86.ActiveCfg = Release|Any CPU
		{40DF2209-5AD2-42A2-BB5A-7FBE95A3569E}.Release|x86.Build.0 = Release|Any CPU
		{7903850C-572E-490B-BA44-EA2AD02744AA}.Debug|Any CPU.ActiveCfg = Debug|Any CPU
		{7903850C-572E-490B-BA44-EA2AD02744AA}.Debug|Any CPU.Build.0 = Debug|Any CPU
		{7903850C-572E-490B-BA44-EA2AD02744AA}.Debug|x64.ActiveCfg = Debug|Any CPU
		{7903850C-572E-490B-BA44-EA2AD02744AA}.Debug|x64.Build.0 = Debug|Any CPU
		{7903850C-572E-490B-BA44-EA2AD02744AA}.Debug|x86.ActiveCfg = Debug|Any CPU
		{7903850C-572E-490B-BA44-EA2AD02744AA}.Debug|x86.Build.0 = Debug|Any CPU
		{7903850C-572E-490B-BA44-EA2AD02744AA}.Release|Any CPU.ActiveCfg = Release|Any CPU
		{7903850C-572E-490B-BA44-EA2AD02744AA}.Release|Any CPU.Build.0 = Release|Any CPU
		{7903850C-572E-490B-BA44-EA2AD02744AA}.Release|x64.ActiveCfg = Release|Any CPU
		{7903850C-572E-490B-BA44-EA2AD02744AA}.Release|x64.Build.0 = Release|Any CPU
		{7903850C-572E-490B-BA44-EA2AD02744AA}.Release|x86.ActiveCfg = Release|Any CPU
		{7903850C-572E-490B-BA44-EA2AD02744AA}.Release|x86.Build.0 = Release|Any CPU
	EndGlobalSection
	GlobalSection(SolutionProperties) = preSolution
		HideSolutionNode = FALSE
	EndGlobalSection
EndGlobal
