
Microsoft Visual Studio Solution File, Format Version 12.00
# Visual Studio Version 17
VisualStudioVersion = 17.5.2.0
MinimumVisualStudioVersion = 10.0.40219.1
Project("{FAE04EC0-301F-11D3-BF4B-00C04F79EFBC}") = "ConsoleApp1", "ConsoleApp1.csproj", "{7B5B0BC2-7E08-E58C-6436-F53A2B87BA1D}"
EndProject
Project("{FAE04EC0-301F-11D3-BF4B-00C04F79EFBC}") = "Robot", "..\Robot\Robot.csproj", "{493DFCFB-1119-4C01-BE1B-65315C656A12}"
EndProject
Project("{FAE04EC0-301F-11D3-BF4B-00C04F79EFBC}") = "Tester", "..\Tester\Tester.csproj", "{2CD5A466-F2AE-4225-8034-FB1F752EC115}"
EndProject
Project("{FAE04EC0-301F-11D3-BF4B-00C04F79EFBC}") = "DiceGame", "..\DiceGame\DiceGame.csproj", "{1B94E43C-0C00-4F37-B7E2-2DAFD4D5C96E}"
EndProject
Global
	GlobalSection(SolutionConfigurationPlatforms) = preSolution
		Debug|Any CPU = Debug|Any CPU
		Debug|x64 = Debug|x64
		Debug|x86 = Debug|x86
		Release|Any CPU = Release|Any CPU
		Release|x64 = Release|x64
		Release|x86 = Release|x86
	EndGlobalSection
	GlobalSection(ProjectConfigurationPlatforms) = postSolution
		{7B5B0BC2-7E08-E58C-6436-F53A2B87BA1D}.Debug|Any CPU.ActiveCfg = Debug|Any CPU
		{7B5B0BC2-7E08-E58C-6436-F53A2B87BA1D}.Debug|Any CPU.Build.0 = Debug|Any CPU
		{7B5B0BC2-7E08-E58C-6436-F53A2B87BA1D}.Debug|x64.ActiveCfg = Debug|Any CPU
		{7B5B0BC2-7E08-E58C-6436-F53A2B87BA1D}.Debug|x64.Build.0 = Debug|Any CPU
		{7B5B0BC2-7E08-E58C-6436-F53A2B87BA1D}.Debug|x86.ActiveCfg = Debug|Any CPU
		{7B5B0BC2-7E08-E58C-6436-F53A2B87BA1D}.Debug|x86.Build.0 = Debug|Any CPU
		{7B5B0BC2-7E08-E58C-6436-F53A2B87BA1D}.Release|Any CPU.ActiveCfg = Release|Any CPU
		{7B5B0BC2-7E08-E58C-6436-F53A2B87BA1D}.Release|Any CPU.Build.0 = Release|Any CPU
		{7B5B0BC2-7E08-E58C-6436-F53A2B87BA1D}.Release|x64.ActiveCfg = Release|Any CPU
		{7B5B0BC2-7E08-E58C-6436-F53A2B87BA1D}.Release|x64.Build.0 = Release|Any CPU
		{7B5B0BC2-7E08-E58C-6436-F53A2B87BA1D}.Release|x86.ActiveCfg = Release|Any CPU
		{7B5B0BC2-7E08-E58C-6436-F53A2B87BA1D}.Release|x86.Build.0 = Release|Any CPU
		{493DFCFB-1119-4C01-BE1B-65315C656A12}.Debug|Any CPU.ActiveCfg = Debug|Any CPU
		{493DFCFB-1119-4C01-BE1B-65315C656A12}.Debug|Any CPU.Build.0 = Debug|Any CPU
		{493DFCFB-1119-4C01-BE1B-65315C656A12}.Debug|x64.ActiveCfg = Debug|Any CPU
		{493DFCFB-1119-4C01-BE1B-65315C656A12}.Debug|x64.Build.0 = Debug|Any CPU
		{493DFCFB-1119-4C01-BE1B-65315C656A12}.Debug|x86.ActiveCfg = Debug|Any CPU
		{493DFCFB-1119-4C01-BE1B-65315C656A12}.Debug|x86.Build.0 = Debug|Any CPU
		{493DFCFB-1119-4C01-BE1B-65315C656A12}.Release|Any CPU.ActiveCfg = Release|Any CPU
		{493DFCFB-1119-4C01-BE1B-65315C656A12}.Release|Any CPU.Build.0 = Release|Any CPU
		{493DFCFB-1119-4C01-BE1B-65315C656A12}.Release|x64.ActiveCfg = Release|Any CPU
		{493DFCFB-1119-4C01-BE1B-65315C656A12}.Release|x64.Build.0 = Release|Any CPU
		{493DFCFB-1119-4C01-BE1B-65315C656A12}.Release|x86.ActiveCfg = Release|Any CPU
		{493DFCFB-1119-4C01-BE1B-65315C656A12}.Release|x86.Build.0 = Release|Any CPU
		{2CD5A466-F2AE-4225-8034-FB1F752EC115}.Debug|Any CPU.ActiveCfg = Debug|Any CPU
		{2CD5A466-F2AE-4225-8034-FB1F752EC115}.Debug|Any CPU.Build.0 = Debug|Any CPU
		{2CD5A466-F2AE-4225-8034-FB1F752EC115}.Debug|x64.ActiveCfg = Debug|Any CPU
		{2CD5A466-F2AE-4225-8034-FB1F752EC115}.Debug|x64.Build.0 = Debug|Any CPU
		{2CD5A466-F2AE-4225-8034-FB1F752EC115}.Debug|x86.ActiveCfg = Debug|Any CPU
		{2CD5A466-F2AE-4225-8034-FB1F752EC115}.Debug|x86.Build.0 = Debug|Any CPU
		{2CD5A466-F2AE-4225-8034-FB1F752EC115}.Release|Any CPU.ActiveCfg = Release|Any CPU
		{2CD5A466-F2AE-4225-8034-FB1F752EC115}.Release|Any CPU.Build.0 = Release|Any CPU
		{2CD5A466-F2AE-4225-8034-FB1F752EC115}.Release|x64.ActiveCfg = Release|Any CPU
		{2CD5A466-F2AE-4225-8034-FB1F752EC115}.Release|x64.Build.0 = Release|Any CPU
		{2CD5A466-F2AE-4225-8034-FB1F752EC115}.Release|x86.ActiveCfg = Release|Any CPU
		{2CD5A466-F2AE-4225-8034-FB1F752EC115}.Release|x86.Build.0 = Release|Any CPU
		{1B94E43C-0C00-4F37-B7E2-2DAFD4D5C96E}.Debug|Any CPU.ActiveCfg = Debug|Any CPU
		{1B94E43C-0C00-4F37-B7E2-2DAFD4D5C96E}.Debug|Any CPU.Build.0 = Debug|Any CPU
		{1B94E43C-0C00-4F37-B7E2-2DAFD4D5C96E}.Debug|x64.ActiveCfg = Debug|Any CPU
		{1B94E43C-0C00-4F37-B7E2-2DAFD4D5C96E}.Debug|x64.Build.0 = Debug|Any CPU
		{1B94E43C-0C00-4F37-B7E2-2DAFD4D5C96E}.Debug|x86.ActiveCfg = Debug|Any CPU
		{1B94E43C-0C00-4F37-B7E2-2DAFD4D5C96E}.Debug|x86.Build.0 = Debug|Any CPU
		{1B94E43C-0C00-4F37-B7E2-2DAFD4D5C96E}.Release|Any CPU.ActiveCfg = Release|Any CPU
		{1B94E43C-0C00-4F37-B7E2-2DAFD4D5C96E}.Release|Any CPU.Build.0 = Release|Any CPU
		{1B94E43C-0C00-4F37-B7E2-2DAFD4D5C96E}.Release|x64.ActiveCfg = Release|Any CPU
		{1B94E43C-0C00-4F37-B7E2-2DAFD4D5C96E}.Release|x64.Build.0 = Release|Any CPU
		{1B94E43C-0C00-4F37-B7E2-2DAFD4D5C96E}.Release|x86.ActiveCfg = Release|Any CPU
		{1B94E43C-0C00-4F37-B7E2-2DAFD4D5C96E}.Release|x86.Build.0 = Release|Any CPU
	EndGlobalSection
	GlobalSection(SolutionProperties) = preSolution
		HideSolutionNode = FALSE
	EndGlobalSection
	GlobalSection(ExtensibilityGlobals) = postSolution
		SolutionGuid = {F2A586BF-0F76-49EC-A31A-FA7C5EAE2FAD}
	EndGlobalSection
EndGlobal
